
Microsoft Visual Studio Solution File, Format Version 12.00
# Visual Studio Version 17
VisualStudioVersion = 17.9.34728.123
MinimumVisualStudioVersion = 10.0.40219.1
Project("{9A19103F-16F7-4668-BE54-9A1E7A4F7556}") = "Bookify", "Bookify\Bookify.csproj", "{F5DA142C-42B9-4279-9381-957DD00172D5}"
EndProject
Project("{9A19103F-16F7-4668-BE54-9A1E7A4F7556}") = "Bookify.DataAccess", "Bookify.DataAccess\Bookify.DataAccess.csproj", "{4E76102C-A8C4-4BCB-AEA7-2FFF0CBC48C9}"
EndProject
Project("{9A19103F-16F7-4668-BE54-9A1E7A4F7556}") = "Bookify.Models", "Bookify.Models\Bookify.Models.csproj", "{52079585-0912-4EE0-A619-433C871967B6}"
EndProject
Global
	GlobalSection(SolutionConfigurationPlatforms) = preSolution
		Debug|Any CPU = Debug|Any CPU
		Release|Any CPU = Release|Any CPU
	EndGlobalSection
	GlobalSection(ProjectConfigurationPlatforms) = postSolution
		{F5DA142C-42B9-4279-9381-957DD00172D5}.Debug|Any CPU.ActiveCfg = Debug|Any CPU
		{F5DA142C-42B9-4279-9381-957DD00172D5}.Debug|Any CPU.Build.0 = Debug|Any CPU
		{F5DA142C-42B9-4279-9381-957DD00172D5}.Release|Any CPU.ActiveCfg = Release|Any CPU
		{F5DA142C-42B9-4279-9381-957DD00172D5}.Release|Any CPU.Build.0 = Release|Any CPU
		{4E76102C-A8C4-4BCB-AEA7-2FFF0CBC48C9}.Debug|Any CPU.ActiveCfg = Debug|Any CPU
		{4E76102C-A8C4-4BCB-AEA7-2FFF0CBC48C9}.Debug|Any CPU.Build.0 = Debug|Any CPU
		{4E76102C-A8C4-4BCB-AEA7-2FFF0CBC48C9}.Release|Any CPU.ActiveCfg = Release|Any CPU
		{4E76102C-A8C4-4BCB-AEA7-2FFF0CBC48C9}.Release|Any CPU.Build.0 = Release|Any CPU
		{52079585-0912-4EE0-A619-433C871967B6}.Debug|Any CPU.ActiveCfg = Debug|Any CPU
		{52079585-0912-4EE0-A619-433C871967B6}.Debug|Any CPU.Build.0 = Debug|Any CPU
		{52079585-0912-4EE0-A619-433C871967B6}.Release|Any CPU.ActiveCfg = Release|Any CPU
		{52079585-0912-4EE0-A619-433C871967B6}.Release|Any CPU.Build.0 = Release|Any CPU
	EndGlobalSection
	GlobalSection(SolutionProperties) = preSolution
		HideSolutionNode = FALSE
	EndGlobalSection
	GlobalSection(ExtensibilityGlobals) = postSolution
		SolutionGuid = {717142B7-1F67-4D4D-9630-ADC98B9F7AA9}
	EndGlobalSection
EndGlobal
